
Microsoft Visual Studio Solution File, Format Version 12.00
# Visual Studio Version 17
VisualStudioVersion = 17.0.31919.166
MinimumVisualStudioVersion = 10.0.40219.1
Project("{2150E333-8FDC-42A3-9474-1A3956D46DE8}") = "Services", "Services", "{817780D5-CD61-42C2-8B7C-100DC37291ED}"
	ProjectSection(SolutionItems) = preProject
		Services\Ingredient\docker-compose.yml = Services\Ingredient\docker-compose.yml
	EndProjectSection
EndProject
Project("{2150E333-8FDC-42A3-9474-1A3956D46DE8}") = "Ingredient", "Ingredient", "{4F248A9C-D050-4E22-B1B4-A6383BD16C26}"
EndProject
Project("{9A19103F-16F7-4668-BE54-9A1E7A4F7556}") = "Ingredient.API", "Services\Ingredient\Ingredient.API\Ingredient.API.csproj", "{213B7B78-3E09-4A09-8272-BB31592EAF6F}"
EndProject
Project("{E53339B2-1760-4266-BCC7-CA923CBCF16C}") = "docker-compose", "docker-compose.dcproj", "{DBF2BA0D-932D-4891-8DF0-B995A175CF85}"
EndProject
Project("{2150E333-8FDC-42A3-9474-1A3956D46DE8}") = "Basket", "Basket", "{B82BC3FB-515D-4B3A-867A-38C5C21992F1}"
EndProject
Project("{9A19103F-16F7-4668-BE54-9A1E7A4F7556}") = "Basket.API", "Services\Basket\Basket.API\Basket.API.csproj", "{4DCAA2AE-DA58-4C43-BF68-AB123DFF286A}"
EndProject
Project("{2150E333-8FDC-42A3-9474-1A3956D46DE8}") = "Discount", "Discount", "{4F47AA52-F479-4AF6-8DF3-A9899848CA3E}"
EndProject
Project("{FAE04EC0-301F-11D3-BF4B-00C04F79EFBC}") = "Discount.API", "Services\Discount\Discount.API\Discount.API.csproj", "{438DB452-32ED-44B3-A1F7-69656DADE44C}"
EndProject
Global
	GlobalSection(SolutionConfigurationPlatforms) = preSolution
		Debug|Any CPU = Debug|Any CPU
		Release|Any CPU = Release|Any CPU
	EndGlobalSection
	GlobalSection(ProjectConfigurationPlatforms) = postSolution
		{213B7B78-3E09-4A09-8272-BB31592EAF6F}.Debug|Any CPU.ActiveCfg = Debug|Any CPU
		{213B7B78-3E09-4A09-8272-BB31592EAF6F}.Debug|Any CPU.Build.0 = Debug|Any CPU
		{213B7B78-3E09-4A09-8272-BB31592EAF6F}.Release|Any CPU.ActiveCfg = Release|Any CPU
		{213B7B78-3E09-4A09-8272-BB31592EAF6F}.Release|Any CPU.Build.0 = Release|Any CPU
		{DBF2BA0D-932D-4891-8DF0-B995A175CF85}.Debug|Any CPU.ActiveCfg = Debug|Any CPU
		{DBF2BA0D-932D-4891-8DF0-B995A175CF85}.Debug|Any CPU.Build.0 = Debug|Any CPU
		{DBF2BA0D-932D-4891-8DF0-B995A175CF85}.Release|Any CPU.ActiveCfg = Release|Any CPU
		{DBF2BA0D-932D-4891-8DF0-B995A175CF85}.Release|Any CPU.Build.0 = Release|Any CPU
		{4DCAA2AE-DA58-4C43-BF68-AB123DFF286A}.Debug|Any CPU.ActiveCfg = Debug|Any CPU
		{4DCAA2AE-DA58-4C43-BF68-AB123DFF286A}.Debug|Any CPU.Build.0 = Debug|Any CPU
		{4DCAA2AE-DA58-4C43-BF68-AB123DFF286A}.Release|Any CPU.ActiveCfg = Release|Any CPU
		{4DCAA2AE-DA58-4C43-BF68-AB123DFF286A}.Release|Any CPU.Build.0 = Release|Any CPU
		{438DB452-32ED-44B3-A1F7-69656DADE44C}.Debug|Any CPU.ActiveCfg = Debug|Any CPU
		{438DB452-32ED-44B3-A1F7-69656DADE44C}.Debug|Any CPU.Build.0 = Debug|Any CPU
		{438DB452-32ED-44B3-A1F7-69656DADE44C}.Release|Any CPU.ActiveCfg = Release|Any CPU
		{438DB452-32ED-44B3-A1F7-69656DADE44C}.Release|Any CPU.Build.0 = Release|Any CPU
	EndGlobalSection
	GlobalSection(SolutionProperties) = preSolution
		HideSolutionNode = FALSE
	EndGlobalSection
	GlobalSection(NestedProjects) = preSolution
		{4F248A9C-D050-4E22-B1B4-A6383BD16C26} = {817780D5-CD61-42C2-8B7C-100DC37291ED}
		{213B7B78-3E09-4A09-8272-BB31592EAF6F} = {4F248A9C-D050-4E22-B1B4-A6383BD16C26}
		{B82BC3FB-515D-4B3A-867A-38C5C21992F1} = {817780D5-CD61-42C2-8B7C-100DC37291ED}
		{4DCAA2AE-DA58-4C43-BF68-AB123DFF286A} = {B82BC3FB-515D-4B3A-867A-38C5C21992F1}
		{4F47AA52-F479-4AF6-8DF3-A9899848CA3E} = {817780D5-CD61-42C2-8B7C-100DC37291ED}
		{438DB452-32ED-44B3-A1F7-69656DADE44C} = {4F47AA52-F479-4AF6-8DF3-A9899848CA3E}
	EndGlobalSection
	GlobalSection(ExtensibilityGlobals) = postSolution
		SolutionGuid = {BD5278CB-706F-41C7-9C31-7172EE616809}
	EndGlobalSection
EndGlobal
